// !$*UTF8*$!
{
	archiveVersion = 1;
	classes = {
	};
	objectVersion = 46;
	objects = {

/* Begin PBXBuildFile section */
		43753BE718BA440D0057EEF0 /* Foundation.framework in Frameworks */ = {isa = PBXBuildFile; fileRef = 43753BE618BA440D0057EEF0 /* Foundation.framework */; };
		43753BE918BA440D0057EEF0 /* CoreGraphics.framework in Frameworks */ = {isa = PBXBuildFile; fileRef = 43753BE818BA440D0057EEF0 /* CoreGraphics.framework */; };
		43753BEB18BA440D0057EEF0 /* UIKit.framework in Frameworks */ = {isa = PBXBuildFile; fileRef = 43753BEA18BA440D0057EEF0 /* UIKit.framework */; };
		43753BF118BA440D0057EEF0 /* InfoPlist.strings in Resources */ = {isa = PBXBuildFile; fileRef = 43753BEF18BA440D0057EEF0 /* InfoPlist.strings */; };
		43753BF318BA440D0057EEF0 /* main.m in Sources */ = {isa = PBXBuildFile; fileRef = 43753BF218BA440D0057EEF0 /* main.m */; };
		43753BF718BA440D0057EEF0 /* AppDelegate.m in Sources */ = {isa = PBXBuildFile; fileRef = 43753BF618BA440D0057EEF0 /* AppDelegate.m */; };
		43753BFA18BA440D0057EEF0 /* Main.storyboard in Resources */ = {isa = PBXBuildFile; fileRef = 43753BF818BA440D0057EEF0 /* Main.storyboard */; };
		43753BFD18BA440D0057EEF0 /* MasterViewController.m in Sources */ = {isa = PBXBuildFile; fileRef = 43753BFC18BA440D0057EEF0 /* MasterViewController.m */; };
		43753C0018BA440D0057EEF0 /* DetailViewController.m in Sources */ = {isa = PBXBuildFile; fileRef = 43753BFF18BA440D0057EEF0 /* DetailViewController.m */; };
		43753C0218BA440D0057EEF0 /* Images.xcassets in Resources */ = {isa = PBXBuildFile; fileRef = 43753C0118BA440D0057EEF0 /* Images.xcassets */; };
		43753C0918BA440D0057EEF0 /* XCTest.framework in Frameworks */ = {isa = PBXBuildFile; fileRef = 43753C0818BA440D0057EEF0 /* XCTest.framework */; };
		43753C0A18BA440D0057EEF0 /* Foundation.framework in Frameworks */ = {isa = PBXBuildFile; fileRef = 43753BE618BA440D0057EEF0 /* Foundation.framework */; };
		43753C0B18BA440D0057EEF0 /* UIKit.framework in Frameworks */ = {isa = PBXBuildFile; fileRef = 43753BEA18BA440D0057EEF0 /* UIKit.framework */; };
		43753C1318BA440D0057EEF0 /* InfoPlist.strings in Resources */ = {isa = PBXBuildFile; fileRef = 43753C1118BA440D0057EEF0 /* InfoPlist.strings */; };
		43753C1518BA440D0057EEF0 /* SpinCityTests.m in Sources */ = {isa = PBXBuildFile; fileRef = 43753C1418BA440D0057EEF0 /* SpinCityTests.m */; };
/* End PBXBuildFile section */

/* Begin PBXContainerItemProxy section */
		43753C0C18BA440D0057EEF0 /* PBXContainerItemProxy */ = {
			isa = PBXContainerItemProxy;
			containerPortal = 43753BDB18BA440D0057EEF0 /* Project object */;
			proxyType = 1;
			remoteGlobalIDString = 43753BE218BA440D0057EEF0;
			remoteInfo = SpinCity;
		};
/* End PBXContainerItemProxy section */

/* Begin PBXFileReference section */
		43753BE318BA440D0057EEF0 /* SpinCity.app */ = {isa = PBXFileReference; explicitFileType = wrapper.application; includeInIndex = 0; path = SpinCity.app; sourceTree = BUILT_PRODUCTS_DIR; };
		43753BE618BA440D0057EEF0 /* Foundation.framework */ = {isa = PBXFileReference; lastKnownFileType = wrapper.framework; name = Foundation.framework; path = System/Library/Frameworks/Foundation.framework; sourceTree = SDKROOT; };
		43753BE818BA440D0057EEF0 /* CoreGraphics.framework */ = {isa = PBXFileReference; lastKnownFileType = wrapper.framework; name = CoreGraphics.framework; path = System/Library/Frameworks/CoreGraphics.framework; sourceTree = SDKROOT; };
		43753BEA18BA440D0057EEF0 /* UIKit.framework */ = {isa = PBXFileReference; lastKnownFileType = wrapper.framework; name = UIKit.framework; path = System/Library/Frameworks/UIKit.framework; sourceTree = SDKROOT; };
		43753BEE18BA440D0057EEF0 /* SpinCity-Info.plist */ = {isa = PBXFileReference; lastKnownFileType = text.plist.xml; path = "SpinCity-Info.plist"; sourceTree = "<group>"; };
		43753BF018BA440D0057EEF0 /* en */ = {isa = PBXFileReference; lastKnownFileType = text.plist.strings; name = en; path = en.lproj/InfoPlist.strings; sourceTree = "<group>"; };
		43753BF218BA440D0057EEF0 /* main.m */ = {isa = PBXFileReference; lastKnownFileType = sourcecode.c.objc; path = main.m; sourceTree = "<group>"; };
		43753BF418BA440D0057EEF0 /* SpinCity-Prefix.pch */ = {isa = PBXFileReference; lastKnownFileType = sourcecode.c.h; path = "SpinCity-Prefix.pch"; sourceTree = "<group>"; };
		43753BF518BA440D0057EEF0 /* AppDelegate.h */ = {isa = PBXFileReference; lastKnownFileType = sourcecode.c.h; path = AppDelegate.h; sourceTree = "<group>"; };
		43753BF618BA440D0057EEF0 /* AppDelegate.m */ = {isa = PBXFileReference; lastKnownFileType = sourcecode.c.objc; path = AppDelegate.m; sourceTree = "<group>"; };
		43753BF918BA440D0057EEF0 /* Base */ = {isa = PBXFileReference; lastKnownFileType = file.storyboard; name = Base; path = Base.lproj/Main.storyboard; sourceTree = "<group>"; };
		43753BFB18BA440D0057EEF0 /* MasterViewController.h */ = {isa = PBXFileReference; lastKnownFileType = sourcecode.c.h; path = MasterViewController.h; sourceTree = "<group>"; };
		43753BFC18BA440D0057EEF0 /* MasterViewController.m */ = {isa = PBXFileReference; lastKnownFileType = sourcecode.c.objc; path = MasterViewController.m; sourceTree = "<group>"; };
		43753BFE18BA440D0057EEF0 /* DetailViewController.h */ = {isa = PBXFileReference; lastKnownFileType = sourcecode.c.h; path = DetailViewController.h; sourceTree = "<group>"; };
		43753BFF18BA440D0057EEF0 /* DetailViewController.m */ = {isa = PBXFileReference; lastKnownFileType = sourcecode.c.objc; path = DetailViewController.m; sourceTree = "<group>"; };
		43753C0118BA440D0057EEF0 /* Images.xcassets */ = {isa = PBXFileReference; lastKnownFileType = folder.assetcatalog; path = Images.xcassets; sourceTree = "<group>"; };
		43753C0718BA440D0057EEF0 /* SpinCityTests.xctest */ = {isa = PBXFileReference; explicitFileType = wrapper.cfbundle; includeInIndex = 0; path = SpinCityTests.xctest; sourceTree = BUILT_PRODUCTS_DIR; };
		43753C0818BA440D0057EEF0 /* XCTest.framework */ = {isa = PBXFileReference; lastKnownFileType = wrapper.framework; name = XCTest.framework; path = Library/Frameworks/XCTest.framework; sourceTree = DEVELOPER_DIR; };
		43753C1018BA440D0057EEF0 /* SpinCityTests-Info.plist */ = {isa = PBXFileReference; lastKnownFileType = text.plist.xml; path = "SpinCityTests-Info.plist"; sourceTree = "<group>"; };
		43753C1218BA440D0057EEF0 /* en */ = {isa = PBXFileReference; lastKnownFileType = text.plist.strings; name = en; path = en.lproj/InfoPlist.strings; sourceTree = "<group>"; };
		43753C1418BA440D0057EEF0 /* SpinCityTests.m */ = {isa = PBXFileReference; lastKnownFileType = sourcecode.c.objc; path = SpinCityTests.m; sourceTree = "<group>"; };
/* End PBXFileReference section */

/* Begin PBXFrameworksBuildPhase section */
		43753BE018BA440D0057EEF0 /* Frameworks */ = {
			isa = PBXFrameworksBuildPhase;
			buildActionMask = 2147483647;
			files = (
				43753BE918BA440D0057EEF0 /* CoreGraphics.framework in Frameworks */,
				43753BEB18BA440D0057EEF0 /* UIKit.framework in Frameworks */,
				43753BE718BA440D0057EEF0 /* Foundation.framework in Frameworks */,
			);
			runOnlyForDeploymentPostprocessing = 0;
		};
		43753C0418BA440D0057EEF0 /* Frameworks */ = {
			isa = PBXFrameworksBuildPhase;
			buildActionMask = 2147483647;
			files = (
				43753C0918BA440D0057EEF0 /* XCTest.framework in Frameworks */,
				43753C0B18BA440D0057EEF0 /* UIKit.framework in Frameworks */,
				43753C0A18BA440D0057EEF0 /* Foundation.framework in Frameworks */,
			);
			runOnlyForDeploymentPostprocessing = 0;
		};
/* End PBXFrameworksBuildPhase section */

/* Begin PBXGroup section */
		43753BDA18BA440D0057EEF0 = {
			isa = PBXGroup;
			children = (
				43753BEC18BA440D0057EEF0 /* SpinCity */,
				43753C0E18BA440D0057EEF0 /* SpinCityTests */,
				43753BE518BA440D0057EEF0 /* Frameworks */,
				43753BE418BA440D0057EEF0 /* Products */,
			);
			sourceTree = "<group>";
		};
		43753BE418BA440D0057EEF0 /* Products */ = {
			isa = PBXGroup;
			children = (
				43753BE318BA440D0057EEF0 /* SpinCity.app */,
				43753C0718BA440D0057EEF0 /* SpinCityTests.xctest */,
			);
			name = Products;
			sourceTree = "<group>";
		};
		43753BE518BA440D0057EEF0 /* Frameworks */ = {
			isa = PBXGroup;
			children = (
				43753BE618BA440D0057EEF0 /* Foundation.framework */,
				43753BE818BA440D0057EEF0 /* CoreGraphics.framework */,
				43753BEA18BA440D0057EEF0 /* UIKit.framework */,
				43753C0818BA440D0057EEF0 /* XCTest.framework */,
			);
			name = Frameworks;
			sourceTree = "<group>";
		};
		43753BEC18BA440D0057EEF0 /* SpinCity */ = {
			isa = PBXGroup;
			children = (
				43753BF518BA440D0057EEF0 /* AppDelegate.h */,
				43753BF618BA440D0057EEF0 /* AppDelegate.m */,
				43753BF818BA440D0057EEF0 /* Main.storyboard */,
				43753BFB18BA440D0057EEF0 /* MasterViewController.h */,
				43753BFC18BA440D0057EEF0 /* MasterViewController.m */,
				43753BFE18BA440D0057EEF0 /* DetailViewController.h */,
				43753BFF18BA440D0057EEF0 /* DetailViewController.m */,
				43753C0118BA440D0057EEF0 /* Images.xcassets */,
				43753BED18BA440D0057EEF0 /* Supporting Files */,
			);
			path = SpinCity;
			sourceTree = "<group>";
		};
		43753BED18BA440D0057EEF0 /* Supporting Files */ = {
			isa = PBXGroup;
			children = (
				43753BEE18BA440D0057EEF0 /* SpinCity-Info.plist */,
				43753BEF18BA440D0057EEF0 /* InfoPlist.strings */,
				43753BF218BA440D0057EEF0 /* main.m */,
				43753BF418BA440D0057EEF0 /* SpinCity-Prefix.pch */,
			);
			name = "Supporting Files";
			sourceTree = "<group>";
		};
		43753C0E18BA440D0057EEF0 /* SpinCityTests */ = {
			isa = PBXGroup;
			children = (
				43753C1418BA440D0057EEF0 /* SpinCityTests.m */,
				43753C0F18BA440D0057EEF0 /* Supporting Files */,
			);
			path = SpinCityTests;
			sourceTree = "<group>";
		};
		43753C0F18BA440D0057EEF0 /* Supporting Files */ = {
			isa = PBXGroup;
			children = (
				43753C1018BA440D0057EEF0 /* SpinCityTests-Info.plist */,
				43753C1118BA440D0057EEF0 /* InfoPlist.strings */,
			);
			name = "Supporting Files";
			sourceTree = "<group>";
		};
/* End PBXGroup section */

/* Begin PBXNativeTarget section */
		43753BE218BA440D0057EEF0 /* SpinCity */ = {
			isa = PBXNativeTarget;
			buildConfigurationList = 43753C1818BA440D0057EEF0 /* Build configuration list for PBXNativeTarget "SpinCity" */;
			buildPhases = (
				43753BDF18BA440D0057EEF0 /* Sources */,
				43753BE018BA440D0057EEF0 /* Frameworks */,
				43753BE118BA440D0057EEF0 /* Resources */,
			);
			buildRules = (
			);
			dependencies = (
			);
			name = SpinCity;
			productName = SpinCity;
			productReference = 43753BE318BA440D0057EEF0 /* SpinCity.app */;
			productType = "com.apple.product-type.application";
		};
		43753C0618BA440D0057EEF0 /* SpinCityTests */ = {
			isa = PBXNativeTarget;
			buildConfigurationList = 43753C1B18BA440D0057EEF0 /* Build configuration list for PBXNativeTarget "SpinCityTests" */;
			buildPhases = (
				43753C0318BA440D0057EEF0 /* Sources */,
				43753C0418BA440D0057EEF0 /* Frameworks */,
				43753C0518BA440D0057EEF0 /* Resources */,
			);
			buildRules = (
			);
			dependencies = (
				43753C0D18BA440D0057EEF0 /* PBXTargetDependency */,
			);
			name = SpinCityTests;
			productName = SpinCityTests;
			productReference = 43753C0718BA440D0057EEF0 /* SpinCityTests.xctest */;
			productType = "com.apple.product-type.bundle.unit-test";
		};
/* End PBXNativeTarget section */

/* Begin PBXProject section */
		43753BDB18BA440D0057EEF0 /* Project object */ = {
			isa = PBXProject;
			attributes = {
				LastUpgradeCheck = 0500;
				ORGANIZATIONNAME = "Nate Almeida";
				TargetAttributes = {
					43753C0618BA440D0057EEF0 = {
						TestTargetID = 43753BE218BA440D0057EEF0;
					};
				};
			};
			buildConfigurationList = 43753BDE18BA440D0057EEF0 /* Build configuration list for PBXProject "SpinCity" */;
			compatibilityVersion = "Xcode 3.2";
			developmentRegion = English;
			hasScannedForEncodings = 0;
			knownRegions = (
				en,
				Base,
			);
			mainGroup = 43753BDA18BA440D0057EEF0;
			productRefGroup = 43753BE418BA440D0057EEF0 /* Products */;
			projectDirPath = "";
			projectRoot = "";
			targets = (
				43753BE218BA440D0057EEF0 /* SpinCity */,
				43753C0618BA440D0057EEF0 /* SpinCityTests */,
			);
		};
/* End PBXProject section */

/* Begin PBXResourcesBuildPhase section */
		43753BE118BA440D0057EEF0 /* Resources */ = {
			isa = PBXResourcesBuildPhase;
			buildActionMask = 2147483647;
			files = (
				43753C0218BA440D0057EEF0 /* Images.xcassets in Resources */,
				43753BF118BA440D0057EEF0 /* InfoPlist.strings in Resources */,
				43753BFA18BA440D0057EEF0 /* Main.storyboard in Resources */,
			);
			runOnlyForDeploymentPostprocessing = 0;
		};
		43753C0518BA440D0057EEF0 /* Resources */ = {
			isa = PBXResourcesBuildPhase;
			buildActionMask = 2147483647;
			files = (
				43753C1318BA440D0057EEF0 /* InfoPlist.strings in Resources */,
			);
			runOnlyForDeploymentPostprocessing = 0;
		};
/* End PBXResourcesBuildPhase section */

/* Begin PBXSourcesBuildPhase section */
		43753BDF18BA440D0057EEF0 /* Sources */ = {
			isa = PBXSourcesBuildPhase;
			buildActionMask = 2147483647;
			files = (
				43753BF718BA440D0057EEF0 /* AppDelegate.m in Sources */,
				43753BFD18BA440D0057EEF0 /* MasterViewController.m in Sources */,
				43753BF318BA440D0057EEF0 /* main.m in Sources */,
				43753C0018BA440D0057EEF0 /* DetailViewController.m in Sources */,
			);
			runOnlyForDeploymentPostprocessing = 0;
		};
		43753C0318BA440D0057EEF0 /* Sources */ = {
			isa = PBXSourcesBuildPhase;
			buildActionMask = 2147483647;
			files = (
				43753C1518BA440D0057EEF0 /* SpinCityTests.m in Sources */,
			);
			runOnlyForDeploymentPostprocessing = 0;
		};
/* End PBXSourcesBuildPhase section */

/* Begin PBXTargetDependency section */
		43753C0D18BA440D0057EEF0 /* PBXTargetDependency */ = {
			isa = PBXTargetDependency;
			target = 43753BE218BA440D0057EEF0 /* SpinCity */;
			targetProxy = 43753C0C18BA440D0057EEF0 /* PBXContainerItemProxy */;
		};
/* End PBXTargetDependency section */

/* Begin PBXVariantGroup section */
		43753BEF18BA440D0057EEF0 /* InfoPlist.strings */ = {
			isa = PBXVariantGroup;
			children = (
				43753BF018BA440D0057EEF0 /* en */,
			);
			name = InfoPlist.strings;
			sourceTree = "<group>";
		};
		43753BF818BA440D0057EEF0 /* Main.storyboard */ = {
			isa = PBXVariantGroup;
			children = (
				43753BF918BA440D0057EEF0 /* Base */,
			);
			name = Main.storyboard;
			sourceTree = "<group>";
		};
		43753C1118BA440D0057EEF0 /* InfoPlist.strings */ = {
			isa = PBXVariantGroup;
			children = (
				43753C1218BA440D0057EEF0 /* en */,
			);
			name = InfoPlist.strings;
			sourceTree = "<group>";
		};
/* End PBXVariantGroup section */

/* Begin XCBuildConfiguration section */
		43753C1618BA440D0057EEF0 /* Debug */ = {
			isa = XCBuildConfiguration;
			buildSettings = {
				ALWAYS_SEARCH_USER_PATHS = NO;
				ARCHS = "$(ARCHS_STANDARD_INCLUDING_64_BIT)";
				CLANG_CXX_LANGUAGE_STANDARD = "gnu++0x";
				CLANG_CXX_LIBRARY = "libc++";
				CLANG_ENABLE_MODULES = YES;
				CLANG_ENABLE_OBJC_ARC = YES;
				CLANG_WARN_BOOL_CONVERSION = YES;
				CLANG_WARN_CONSTANT_CONVERSION = YES;
				CLANG_WARN_DIRECT_OBJC_ISA_USAGE = YES_ERROR;
				CLANG_WARN_EMPTY_BODY = YES;
				CLANG_WARN_ENUM_CONVERSION = YES;
				CLANG_WARN_INT_CONVERSION = YES;
				CLANG_WARN_OBJC_ROOT_CLASS = YES_ERROR;
				CLANG_WARN__DUPLICATE_METHOD_MATCH = YES;
				"CODE_SIGN_IDENTITY[sdk=iphoneos*]" = "iPhone Developer";
				COPY_PHASE_STRIP = NO;
				GCC_C_LANGUAGE_STANDARD = gnu99;
				GCC_DYNAMIC_NO_PIC = NO;
				GCC_OPTIMIZATION_LEVEL = 0;
				GCC_PREPROCESSOR_DEFINITIONS = (
					"DEBUG=1",
					"$(inherited)",
				);
				GCC_SYMBOLS_PRIVATE_EXTERN = NO;
				GCC_WARN_64_TO_32_BIT_CONVERSION = YES;
				GCC_WARN_ABOUT_RETURN_TYPE = YES_ERROR;
				GCC_WARN_UNDECLARED_SELECTOR = YES;
				GCC_WARN_UNINITIALIZED_AUTOS = YES;
				GCC_WARN_UNUSED_FUNCTION = YES;
				GCC_WARN_UNUSED_VARIABLE = YES;
				IPHONEOS_DEPLOYMENT_TARGET = 7.0;
				ONLY_ACTIVE_ARCH = YES;
				SDKROOT = iphoneos;
			};
			name = Debug;
		};
		43753C1718BA440D0057EEF0 /* Release */ = {
			isa = XCBuildConfiguration;
			buildSettings = {
				ALWAYS_SEARCH_USER_PATHS = NO;
				ARCHS = "$(ARCHS_STANDARD_INCLUDING_64_BIT)";
				CLANG_CXX_LANGUAGE_STANDARD = "gnu++0x";
				CLANG_CXX_LIBRARY = "libc++";
				CLANG_ENABLE_MODULES = YES;
				CLANG_ENABLE_OBJC_ARC = YES;
				CLANG_WARN_BOOL_CONVERSION = YES;
				CLANG_WARN_CONSTANT_CONVERSION = YES;
				CLANG_WARN_DIRECT_OBJC_ISA_USAGE = YES_ERROR;
				CLANG_WARN_EMPTY_BODY = YES;
				CLANG_WARN_ENUM_CONVERSION = YES;
				CLANG_WARN_INT_CONVERSION = YES;
				CLANG_WARN_OBJC_ROOT_CLASS = YES_ERROR;
				CLANG_WARN__DUPLICATE_METHOD_MATCH = YES;
				"CODE_SIGN_IDENTITY[sdk=iphoneos*]" = "iPhone Developer";
				COPY_PHASE_STRIP = YES;
				ENABLE_NS_ASSERTIONS = NO;
				GCC_C_LANGUAGE_STANDARD = gnu99;
				GCC_WARN_64_TO_32_BIT_CONVERSION = YES;
				GCC_WARN_ABOUT_RETURN_TYPE = YES_ERROR;
				GCC_WARN_UNDECLARED_SELECTOR = YES;
				GCC_WARN_UNINITIALIZED_AUTOS = YES;
				GCC_WARN_UNUSED_FUNCTION = YES;
				GCC_WARN_UNUSED_VARIABLE = YES;
				IPHONEOS_DEPLOYMENT_TARGET = 7.0;
				SDKROOT = iphoneos;
				VALIDATE_PRODUCT = YES;
			};
			name = Release;
		};
		43753C1918BA440D0057EEF0 /* Debug */ = {
			isa = XCBuildConfiguration;
			buildSettings = {
				ASSETCATALOG_COMPILER_APPICON_NAME = AppIcon;
				ASSETCATALOG_COMPILER_LAUNCHIMAGE_NAME = LaunchImage;
				GCC_PRECOMPILE_PREFIX_HEADER = YES;
				GCC_PREFIX_HEADER = "SpinCity/SpinCity-Prefix.pch";
				INFOPLIST_FILE = "SpinCity/SpinCity-Info.plist";
				PRODUCT_NAME = "$(TARGET_NAME)";
				WRAPPER_EXTENSION = app;
			};
			name = Debug;
		};
		43753C1A18BA440D0057EEF0 /* Release */ = {
			isa = XCBuildConfiguration;
			buildSettings = {
				ASSETCATALOG_COMPILER_APPICON_NAME = AppIcon;
				ASSETCATALOG_COMPILER_LAUNCHIMAGE_NAME = LaunchImage;
				GCC_PRECOMPILE_PREFIX_HEADER = YES;
				GCC_PREFIX_HEADER = "SpinCity/SpinCity-Prefix.pch";
				INFOPLIST_FILE = "SpinCity/SpinCity-Info.plist";
				PRODUCT_NAME = "$(TARGET_NAME)";
				WRAPPER_EXTENSION = app;
			};
			name = Release;
		};
		43753C1C18BA440D0057EEF0 /* Debug */ = {
			isa = XCBuildConfiguration;
			buildSettings = {
				ARCHS = "$(ARCHS_STANDARD_INCLUDING_64_BIT)";
				BUNDLE_LOADER = "$(BUILT_PRODUCTS_DIR)/SpinCity.app/SpinCity";
				FRAMEWORK_SEARCH_PATHS = (
					"$(SDKROOT)/Developer/Library/Frameworks",
					"$(inherited)",
					"$(DEVELOPER_FRAMEWORKS_DIR)",
				);
				GCC_PRECOMPILE_PREFIX_HEADER = YES;
				GCC_PREFIX_HEADER = "SpinCity/SpinCity-Prefix.pch";
				GCC_PREPROCESSOR_DEFINITIONS = (
					"DEBUG=1",
					"$(inherited)",
				);
				INFOPLIST_FILE = "SpinCityTests/SpinCityTests-Info.plist";
				PRODUCT_NAME = "$(TARGET_NAME)";
				TEST_HOST = "$(BUNDLE_LOADER)";
				WRAPPER_EXTENSION = xctest;
			};
			name = Debug;
		};
		43753C1D18BA440D0057EEF0 /* Release */ = {
			isa = XCBuildConfiguration;
			buildSettings = {
				ARCHS = "$(ARCHS_STANDARD_INCLUDING_64_BIT)";
				BUNDLE_LOADER = "$(BUILT_PRODUCTS_DIR)/SpinCity.app/SpinCity";
				FRAMEWORK_SEARCH_PATHS = (
					"$(SDKROOT)/Developer/Library/Frameworks",
					"$(inherited)",
					"$(DEVELOPER_FRAMEWORKS_DIR)",
				);
				GCC_PRECOMPILE_PREFIX_HEADER = YES;
				GCC_PREFIX_HEADER = "SpinCity/SpinCity-Prefix.pch";
				INFOPLIST_FILE = "SpinCityTests/SpinCityTests-Info.plist";
				PRODUCT_NAME = "$(TARGET_NAME)";
				TEST_HOST = "$(BUNDLE_LOADER)";
				WRAPPER_EXTENSION = xctest;
			};
			name = Release;
		};
/* End XCBuildConfiguration section */

/* Begin XCConfigurationList section */
		43753BDE18BA440D0057EEF0 /* Build configuration list for PBXProject "SpinCity" */ = {
			isa = XCConfigurationList;
			buildConfigurations = (
				43753C1618BA440D0057EEF0 /* Debug */,
				43753C1718BA440D0057EEF0 /* Release */,
			);
			defaultConfigurationIsVisible = 0;
			defaultConfigurationName = Release;
		};
		43753C1818BA440D0057EEF0 /* Build configuration list for PBXNativeTarget "SpinCity" */ = {
			isa = XCConfigurationList;
			buildConfigurations = (
				43753C1918BA440D0057EEF0 /* Debug */,
				43753C1A18BA440D0057EEF0 /* Release */,
			);
			defaultConfigurationIsVisible = 0;
		};
		43753C1B18BA440D0057EEF0 /* Build configuration list for PBXNativeTarget "SpinCityTests" */ = {
			isa = XCConfigurationList;
			buildConfigurations = (
				43753C1C18BA440D0057EEF0 /* Debug */,
				43753C1D18BA440D0057EEF0 /* Release */,
			);
			defaultConfigurationIsVisible = 0;
		};
/* End XCConfigurationList section */
	};
	rootObject = 43753BDB18BA440D0057EEF0 /* Project object */;
}
